
Microsoft Visual Studio Solution File, Format Version 12.00
# Visual Studio Version 16
VisualStudioVersion = 16.0.28803.452
MinimumVisualStudioVersion = 10.0.40219.1
Project("{8BC9CEB8-8B4A-11D0-8D11-00A0C91BC942}") = "ogl", "ogl\ogl.vcxproj", "{17A99AC7-B032-4A0C-A3CA-4030072D6791}"
EndProject
Project("{8BC9CEB8-8B4A-11D0-8D11-00A0C91BC942}") = "TestZone", "TestZone\TestZone\TestZone.vcxproj", "{3631B2A7-81FA-4600-8EA4-D3D932FEF76A}"
EndProject
Project("{8BC9CEB8-8B4A-11D0-8D11-00A0C91BC942}") = "ogl2", "ogl2\ogl2.vcxproj", "{59F33AD9-F294-4E91-A947-32C00CA3F1EA}"
EndProject
Project("{8BC9CEB8-8B4A-11D0-8D11-00A0C91BC942}") = "interpretator", "interpretator\interpretator.vcxproj", "{92C83244-DF14-429E-AD52-6035B007F5BD}"
EndProject
Global
	GlobalSection(SolutionConfigurationPlatforms) = preSolution
		Debug|x64 = Debug|x64
		Debug|x86 = Debug|x86
		Release|x64 = Release|x64
		Release|x86 = Release|x86
	EndGlobalSection
	GlobalSection(ProjectConfigurationPlatforms) = postSolution
		{17A99AC7-B032-4A0C-A3CA-4030072D6791}.Debug|x64.ActiveCfg = Debug|x64
		{17A99AC7-B032-4A0C-A3CA-4030072D6791}.Debug|x64.Build.0 = Debug|x64
		{17A99AC7-B032-4A0C-A3CA-4030072D6791}.Debug|x86.ActiveCfg = Debug|x64
		{17A99AC7-B032-4A0C-A3CA-4030072D6791}.Debug|x86.Build.0 = Debug|x64
		{17A99AC7-B032-4A0C-A3CA-4030072D6791}.Release|x64.ActiveCfg = Debug|x64
		{17A99AC7-B032-4A0C-A3CA-4030072D6791}.Release|x64.Build.0 = Debug|x64
		{17A99AC7-B032-4A0C-A3CA-4030072D6791}.Release|x86.ActiveCfg = Debug|x64
		{17A99AC7-B032-4A0C-A3CA-4030072D6791}.Release|x86.Build.0 = Debug|x64
		{3631B2A7-81FA-4600-8EA4-D3D932FEF76A}.Debug|x64.ActiveCfg = Debug|x64
		{3631B2A7-81FA-4600-8EA4-D3D932FEF76A}.Debug|x64.Build.0 = Debug|x64
		{3631B2A7-81FA-4600-8EA4-D3D932FEF76A}.Debug|x86.ActiveCfg = Debug|x64
		{3631B2A7-81FA-4600-8EA4-D3D932FEF76A}.Debug|x86.Build.0 = Debug|x64
		{3631B2A7-81FA-4600-8EA4-D3D932FEF76A}.Release|x64.ActiveCfg = Debug|x64
		{3631B2A7-81FA-4600-8EA4-D3D932FEF76A}.Release|x64.Build.0 = Debug|x64
		{3631B2A7-81FA-4600-8EA4-D3D932FEF76A}.Release|x86.ActiveCfg = Debug|x64
		{3631B2A7-81FA-4600-8EA4-D3D932FEF76A}.Release|x86.Build.0 = Debug|x64
		{59F33AD9-F294-4E91-A947-32C00CA3F1EA}.Debug|x64.ActiveCfg = Debug|x64
		{59F33AD9-F294-4E91-A947-32C00CA3F1EA}.Debug|x64.Build.0 = Debug|x64
		{59F33AD9-F294-4E91-A947-32C00CA3F1EA}.Debug|x86.ActiveCfg = Debug|Win32
		{59F33AD9-F294-4E91-A947-32C00CA3F1EA}.Debug|x86.Build.0 = Debug|Win32
		{59F33AD9-F294-4E91-A947-32C00CA3F1EA}.Release|x64.ActiveCfg = Release|x64
		{59F33AD9-F294-4E91-A947-32C00CA3F1EA}.Release|x64.Build.0 = Release|x64
		{59F33AD9-F294-4E91-A947-32C00CA3F1EA}.Release|x86.ActiveCfg = Release|Win32
		{59F33AD9-F294-4E91-A947-32C00CA3F1EA}.Release|x86.Build.0 = Release|Win32
		{92C83244-DF14-429E-AD52-6035B007F5BD}.Debug|x64.ActiveCfg = Debug|x64
		{92C83244-DF14-429E-AD52-6035B007F5BD}.Debug|x64.Build.0 = Debug|x64
		{92C83244-DF14-429E-AD52-6035B007F5BD}.Debug|x86.ActiveCfg = Debug|Win32
		{92C83244-DF14-429E-AD52-6035B007F5BD}.Debug|x86.Build.0 = Debug|Win32
		{92C83244-DF14-429E-AD52-6035B007F5BD}.Release|x64.ActiveCfg = Release|x64
		{92C83244-DF14-429E-AD52-6035B007F5BD}.Release|x64.Build.0 = Release|x64
		{92C83244-DF14-429E-AD52-6035B007F5BD}.Release|x86.ActiveCfg = Release|Win32
		{92C83244-DF14-429E-AD52-6035B007F5BD}.Release|x86.Build.0 = Release|Win32
	EndGlobalSection
	GlobalSection(SolutionProperties) = preSolution
		HideSolutionNode = FALSE
	EndGlobalSection
	GlobalSection(ExtensibilityGlobals) = postSolution
		SolutionGuid = {BED65238-7617-4C09-BDAE-8A31374F23FF}
	EndGlobalSection
EndGlobal
